// !$*UTF8*$!
{
	archiveVersion = 1;
	classes = {
	};
	objectVersion = 46;
	objects = {

/* Begin PBXBuildFile section */
		B0089AE314F35F75003B0550 /* IOKit.framework in Frameworks */ = {isa = PBXBuildFile; fileRef = B0089AE214F35F74003B0550 /* IOKit.framework */; settings = {ATTRIBUTES = (Required, ); }; };
		B075421F174CCB38004F6EF0 /* Icon.png in Resources */ = {isa = PBXBuildFile; fileRef = B00D4CFB174CC9D3002CA86F /* Icon.png */; };
		B0754220174CCB3E004F6EF0 /* Icon@2x.png in Resources */ = {isa = PBXBuildFile; fileRef = B00D4CFD174CC9D9002CA86F /* Icon@2x.png */; };
		B07B44E314F5F7CC0013F833 /* back.png in Resources */ = {isa = PBXBuildFile; fileRef = B07B44E214F5F7CC0013F833 /* back.png */; };
		B0953EC514E5339000EFAB02 /* UIKit.framework in Frameworks */ = {isa = PBXBuildFile; fileRef = B0953EC414E5339000EFAB02 /* UIKit.framework */; };
		B0953EC714E5339000EFAB02 /* Foundation.framework in Frameworks */ = {isa = PBXBuildFile; fileRef = B0953EC614E5339000EFAB02 /* Foundation.framework */; };
		B0953EC914E5339000EFAB02 /* CoreGraphics.framework in Frameworks */ = {isa = PBXBuildFile; fileRef = B0953EC814E5339000EFAB02 /* CoreGraphics.framework */; };
		B0953ECF14E5339000EFAB02 /* InfoPlist.strings in Resources */ = {isa = PBXBuildFile; fileRef = B0953ECD14E5339000EFAB02 /* InfoPlist.strings */; };
		B0953ED114E5339000EFAB02 /* main.m in Sources */ = {isa = PBXBuildFile; fileRef = B0953ED014E5339000EFAB02 /* main.m */; };
		B0953ED514E5339000EFAB02 /* IPhoneAppDelegate.m in Sources */ = {isa = PBXBuildFile; fileRef = B0953ED414E5339000EFAB02 /* IPhoneAppDelegate.m */; };
		B0953EFB14E5348C00EFAB02 /* MainViewController.m in Sources */ = {isa = PBXBuildFile; fileRef = B0953EF914E5348C00EFAB02 /* MainViewController.m */; };
		B0AE35D317342C940012B773 /* Default-568h@2x.png in Resources */ = {isa = PBXBuildFile; fileRef = B0AE35D217342C940012B773 /* Default-568h@2x.png */; };
		B0B4EF1714F4C3CF0003BBE4 /* AttachViewController.m in Sources */ = {isa = PBXBuildFile; fileRef = B0B4EF1514F4C3CF0003BBE4 /* AttachViewController.m */; };
		B0B4EF1C14F4C5E10003BBE4 /* RootViewController.m in Sources */ = {isa = PBXBuildFile; fileRef = B0B4EF1A14F4C5E10003BBE4 /* RootViewController.m */; };
		B0C9232114F32CC300CA3B34 /* UIDevice+IOKit_Extensions.m in Sources */ = {isa = PBXBuildFile; fileRef = B0C9232014F32CC300CA3B34 /* UIDevice+IOKit_Extensions.m */; };
		B0CE51BE14FB5F1F00655BFE /* System.plist in Resources */ = {isa = PBXBuildFile; fileRef = B0CE51BD14FB5F1F00655BFE /* System.plist */; };
		B0EA17BB14EBACFD00594924 /* splash.png in Resources */ = {isa = PBXBuildFile; fileRef = B0EA17BA14EBACFD00594924 /* splash.png */; };
/* End PBXBuildFile section */

/* Begin PBXFileReference section */
		B0089AE214F35F74003B0550 /* IOKit.framework */ = {isa = PBXFileReference; lastKnownFileType = wrapper.framework; name = IOKit.framework; path = System/Library/Frameworks/IOKit.framework; sourceTree = SDKROOT; };
		B00D4CFB174CC9D3002CA86F /* Icon.png */ = {isa = PBXFileReference; lastKnownFileType = image.png; path = Icon.png; sourceTree = "<group>"; };
		B00D4CFD174CC9D9002CA86F /* Icon@2x.png */ = {isa = PBXFileReference; lastKnownFileType = image.png; path = "Icon@2x.png"; sourceTree = "<group>"; };
		B07B44E214F5F7CC0013F833 /* back.png */ = {isa = PBXFileReference; lastKnownFileType = image.png; path = back.png; sourceTree = "<group>"; };
		B0953EC014E5339000EFAB02 /* iphone_cms.app */ = {isa = PBXFileReference; explicitFileType = wrapper.application; includeInIndex = 0; path = iphone_cms.app; sourceTree = BUILT_PRODUCTS_DIR; };
		B0953EC414E5339000EFAB02 /* UIKit.framework */ = {isa = PBXFileReference; lastKnownFileType = wrapper.framework; name = UIKit.framework; path = System/Library/Frameworks/UIKit.framework; sourceTree = SDKROOT; };
		B0953EC614E5339000EFAB02 /* Foundation.framework */ = {isa = PBXFileReference; lastKnownFileType = wrapper.framework; name = Foundation.framework; path = System/Library/Frameworks/Foundation.framework; sourceTree = SDKROOT; };
		B0953EC814E5339000EFAB02 /* CoreGraphics.framework */ = {isa = PBXFileReference; lastKnownFileType = wrapper.framework; name = CoreGraphics.framework; path = System/Library/Frameworks/CoreGraphics.framework; sourceTree = SDKROOT; };
		B0953ECC14E5339000EFAB02 /* iphone_cms-Info.plist */ = {isa = PBXFileReference; lastKnownFileType = text.plist.xml; path = "iphone_cms-Info.plist"; sourceTree = "<group>"; };
		B0953ECE14E5339000EFAB02 /* en */ = {isa = PBXFileReference; lastKnownFileType = text.plist.strings; name = en; path = en.lproj/InfoPlist.strings; sourceTree = "<group>"; };
		B0953ED014E5339000EFAB02 /* main.m */ = {isa = PBXFileReference; lastKnownFileType = sourcecode.c.objc; path = main.m; sourceTree = "<group>"; };
		B0953ED214E5339000EFAB02 /* iphone_cms-Prefix.pch */ = {isa = PBXFileReference; lastKnownFileType = sourcecode.c.h; path = "iphone_cms-Prefix.pch"; sourceTree = "<group>"; };
		B0953ED314E5339000EFAB02 /* IPhoneAppDelegate.h */ = {isa = PBXFileReference; lastKnownFileType = sourcecode.c.h; path = IPhoneAppDelegate.h; sourceTree = "<group>"; };
		B0953ED414E5339000EFAB02 /* IPhoneAppDelegate.m */ = {isa = PBXFileReference; lastKnownFileType = sourcecode.c.objc; path = IPhoneAppDelegate.m; sourceTree = "<group>"; };
		B0953EDC14E5339000EFAB02 /* SenTestingKit.framework */ = {isa = PBXFileReference; lastKnownFileType = wrapper.framework; name = SenTestingKit.framework; path = Library/Frameworks/SenTestingKit.framework; sourceTree = DEVELOPER_DIR; };
		B0953EF814E5348C00EFAB02 /* MainViewController.h */ = {isa = PBXFileReference; fileEncoding = 4; lastKnownFileType = sourcecode.c.h; path = MainViewController.h; sourceTree = "<group>"; };
		B0953EF914E5348C00EFAB02 /* MainViewController.m */ = {isa = PBXFileReference; fileEncoding = 4; lastKnownFileType = sourcecode.c.objc; path = MainViewController.m; sourceTree = "<group>"; };
		B0AE35D217342C940012B773 /* Default-568h@2x.png */ = {isa = PBXFileReference; lastKnownFileType = image.png; path = "Default-568h@2x.png"; sourceTree = "<group>"; };
		B0B4EF1414F4C3CF0003BBE4 /* AttachViewController.h */ = {isa = PBXFileReference; fileEncoding = 4; lastKnownFileType = sourcecode.c.h; path = AttachViewController.h; sourceTree = "<group>"; };
		B0B4EF1514F4C3CF0003BBE4 /* AttachViewController.m */ = {isa = PBXFileReference; fileEncoding = 4; lastKnownFileType = sourcecode.c.objc; path = AttachViewController.m; sourceTree = "<group>"; };
		B0B4EF1914F4C5E10003BBE4 /* RootViewController.h */ = {isa = PBXFileReference; fileEncoding = 4; lastKnownFileType = sourcecode.c.h; path = RootViewController.h; sourceTree = "<group>"; };
		B0B4EF1A14F4C5E10003BBE4 /* RootViewController.m */ = {isa = PBXFileReference; fileEncoding = 4; lastKnownFileType = sourcecode.c.objc; path = RootViewController.m; sourceTree = "<group>"; };
		B0C9231F14F32CC300CA3B34 /* UIDevice+IOKit_Extensions.h */ = {isa = PBXFileReference; fileEncoding = 4; lastKnownFileType = sourcecode.c.h; path = "UIDevice+IOKit_Extensions.h"; sourceTree = "<group>"; };
		B0C9232014F32CC300CA3B34 /* UIDevice+IOKit_Extensions.m */ = {isa = PBXFileReference; fileEncoding = 4; lastKnownFileType = sourcecode.c.objc; path = "UIDevice+IOKit_Extensions.m"; sourceTree = "<group>"; };
		B0CE51BD14FB5F1F00655BFE /* System.plist */ = {isa = PBXFileReference; fileEncoding = 4; lastKnownFileType = text.plist.xml; path = System.plist; sourceTree = "<group>"; };
		B0EA17BA14EBACFD00594924 /* splash.png */ = {isa = PBXFileReference; lastKnownFileType = image.png; path = splash.png; sourceTree = "<group>"; };
/* End PBXFileReference section */

/* Begin PBXFrameworksBuildPhase section */
		B0953EBD14E5339000EFAB02 /* Frameworks */ = {
			isa = PBXFrameworksBuildPhase;
			buildActionMask = 2147483647;
			files = (
				B0089AE314F35F75003B0550 /* IOKit.framework in Frameworks */,
				B0953EC514E5339000EFAB02 /* UIKit.framework in Frameworks */,
				B0953EC714E5339000EFAB02 /* Foundation.framework in Frameworks */,
				B0953EC914E5339000EFAB02 /* CoreGraphics.framework in Frameworks */,
			);
			runOnlyForDeploymentPostprocessing = 0;
		};
/* End PBXFrameworksBuildPhase section */

/* Begin PBXGroup section */
		B0953EB514E5339000EFAB02 = {
			isa = PBXGroup;
			children = (
				B00D4CFD174CC9D9002CA86F /* Icon@2x.png */,
				B00D4CFB174CC9D3002CA86F /* Icon.png */,
				B0AE35D217342C940012B773 /* Default-568h@2x.png */,
				B0953ECA14E5339000EFAB02 /* iphone_cms */,
				B0953EC314E5339000EFAB02 /* Frameworks */,
				B0953EC114E5339000EFAB02 /* Products */,
			);
			sourceTree = "<group>";
		};
		B0953EC114E5339000EFAB02 /* Products */ = {
			isa = PBXGroup;
			children = (
				B0953EC014E5339000EFAB02 /* iphone_cms.app */,
			);
			name = Products;
			sourceTree = "<group>";
		};
		B0953EC314E5339000EFAB02 /* Frameworks */ = {
			isa = PBXGroup;
			children = (
				B0089AE214F35F74003B0550 /* IOKit.framework */,
				B0953EC414E5339000EFAB02 /* UIKit.framework */,
				B0953EC614E5339000EFAB02 /* Foundation.framework */,
				B0953EC814E5339000EFAB02 /* CoreGraphics.framework */,
				B0953EDC14E5339000EFAB02 /* SenTestingKit.framework */,
			);
			name = Frameworks;
			sourceTree = "<group>";
		};
		B0953ECA14E5339000EFAB02 /* iphone_cms */ = {
			isa = PBXGroup;
			children = (
				B0953ED314E5339000EFAB02 /* IPhoneAppDelegate.h */,
				B0953ED414E5339000EFAB02 /* IPhoneAppDelegate.m */,
				B0953EF814E5348C00EFAB02 /* MainViewController.h */,
				B0953EF914E5348C00EFAB02 /* MainViewController.m */,
				B0B4EF1914F4C5E10003BBE4 /* RootViewController.h */,
				B0B4EF1A14F4C5E10003BBE4 /* RootViewController.m */,
				B0B4EF1414F4C3CF0003BBE4 /* AttachViewController.h */,
				B0B4EF1514F4C3CF0003BBE4 /* AttachViewController.m */,
				B0C9231F14F32CC300CA3B34 /* UIDevice+IOKit_Extensions.h */,
				B0C9232014F32CC300CA3B34 /* UIDevice+IOKit_Extensions.m */,
				B0953ECB14E5339000EFAB02 /* Supporting Files */,
			);
			path = iphone_cms;
			sourceTree = "<group>";
		};
		B0953ECB14E5339000EFAB02 /* Supporting Files */ = {
			isa = PBXGroup;
			children = (
				B07B44E214F5F7CC0013F833 /* back.png */,
				B0EA17BA14EBACFD00594924 /* splash.png */,
				B0CE51BD14FB5F1F00655BFE /* System.plist */,
				B0953ECC14E5339000EFAB02 /* iphone_cms-Info.plist */,
				B0953ECD14E5339000EFAB02 /* InfoPlist.strings */,
				B0953ED014E5339000EFAB02 /* main.m */,
				B0953ED214E5339000EFAB02 /* iphone_cms-Prefix.pch */,
			);
			name = "Supporting Files";
			sourceTree = "<group>";
		};
/* End PBXGroup section */

/* Begin PBXNativeTarget section */
		B0953EBF14E5339000EFAB02 /* iphone_cms */ = {
			isa = PBXNativeTarget;
			buildConfigurationList = B0953EED14E5339000EFAB02 /* Build configuration list for PBXNativeTarget "iphone_cms" */;
			buildPhases = (
				B0953EBC14E5339000EFAB02 /* Sources */,
				B0953EBD14E5339000EFAB02 /* Frameworks */,
				B0953EBE14E5339000EFAB02 /* Resources */,
			);
			buildRules = (
			);
			dependencies = (
			);
			name = iphone_cms;
			productName = iphone_cms;
			productReference = B0953EC014E5339000EFAB02 /* iphone_cms.app */;
			productType = "com.apple.product-type.application";
		};
/* End PBXNativeTarget section */

/* Begin PBXProject section */
		B0953EB714E5339000EFAB02 /* Project object */ = {
			isa = PBXProject;
			attributes = {
				LastUpgradeCheck = 0450;
			};
			buildConfigurationList = B0953EBA14E5339000EFAB02 /* Build configuration list for PBXProject "iphone_cms" */;
			compatibilityVersion = "Xcode 3.2";
			developmentRegion = English;
			hasScannedForEncodings = 0;
			knownRegions = (
				en,
			);
			mainGroup = B0953EB514E5339000EFAB02;
			productRefGroup = B0953EC114E5339000EFAB02 /* Products */;
			projectDirPath = "";
			projectRoot = "";
			targets = (
				B0953EBF14E5339000EFAB02 /* iphone_cms */,
			);
		};
/* End PBXProject section */

/* Begin PBXResourcesBuildPhase section */
		B0953EBE14E5339000EFAB02 /* Resources */ = {
			isa = PBXResourcesBuildPhase;
			buildActionMask = 2147483647;
			files = (
				B0953ECF14E5339000EFAB02 /* InfoPlist.strings in Resources */,
				B0EA17BB14EBACFD00594924 /* splash.png in Resources */,
				B07B44E314F5F7CC0013F833 /* back.png in Resources */,
				B0CE51BE14FB5F1F00655BFE /* System.plist in Resources */,
				B0AE35D317342C940012B773 /* Default-568h@2x.png in Resources */,
				B075421F174CCB38004F6EF0 /* Icon.png in Resources */,
				B0754220174CCB3E004F6EF0 /* Icon@2x.png in Resources */,
			);
			runOnlyForDeploymentPostprocessing = 0;
		};
/* End PBXResourcesBuildPhase section */

/* Begin PBXSourcesBuildPhase section */
		B0953EBC14E5339000EFAB02 /* Sources */ = {
			isa = PBXSourcesBuildPhase;
			buildActionMask = 2147483647;
			files = (
				B0953ED114E5339000EFAB02 /* main.m in Sources */,
				B0953ED514E5339000EFAB02 /* IPhoneAppDelegate.m in Sources */,
				B0953EFB14E5348C00EFAB02 /* MainViewController.m in Sources */,
				B0C9232114F32CC300CA3B34 /* UIDevice+IOKit_Extensions.m in Sources */,
				B0B4EF1714F4C3CF0003BBE4 /* AttachViewController.m in Sources */,
				B0B4EF1C14F4C5E10003BBE4 /* RootViewController.m in Sources */,
			);
			runOnlyForDeploymentPostprocessing = 0;
		};
/* End PBXSourcesBuildPhase section */

/* Begin PBXVariantGroup section */
		B0953ECD14E5339000EFAB02 /* InfoPlist.strings */ = {
			isa = PBXVariantGroup;
			children = (
				B0953ECE14E5339000EFAB02 /* en */,
			);
			name = InfoPlist.strings;
			sourceTree = "<group>";
		};
/* End PBXVariantGroup section */

/* Begin XCBuildConfiguration section */
		B0953EEB14E5339000EFAB02 /* Debug */ = {
			isa = XCBuildConfiguration;
			buildSettings = {
				ALWAYS_SEARCH_USER_PATHS = NO;
				ARCHS = "$(ARCHS_STANDARD_32_BIT)";
				CODE_SIGN_IDENTITY = "iPhone Developer: luo cheng (G9A82ZZA6E)";
				"CODE_SIGN_IDENTITY[sdk=iphoneos*]" = "iPhone Developer: luo cheng (G9A82ZZA6E)";
				COPY_PHASE_STRIP = NO;
				GCC_C_LANGUAGE_STANDARD = gnu99;
				GCC_DYNAMIC_NO_PIC = NO;
				GCC_OPTIMIZATION_LEVEL = 0;
				GCC_PREPROCESSOR_DEFINITIONS = (
					"DEBUG=1",
					"$(inherited)",
				);
				GCC_SYMBOLS_PRIVATE_EXTERN = NO;
				GCC_VERSION = com.apple.compilers.llvm.clang.1_0;
				GCC_WARN_ABOUT_MISSING_PROTOTYPES = YES;
				GCC_WARN_ABOUT_RETURN_TYPE = YES;
				GCC_WARN_UNUSED_VARIABLE = YES;
				IPHONEOS_DEPLOYMENT_TARGET = 6.0;
				PROVISIONING_PROFILE = "A5E26817-FB1B-4B3F-87A4-FEB1F38C6A11";
				"PROVISIONING_PROFILE[sdk=iphoneos*]" = "A5E26817-FB1B-4B3F-87A4-FEB1F38C6A11";
				SDKROOT = iphoneos;
			};
			name = Debug;
		};
		B0953EEC14E5339000EFAB02 /* Release */ = {
			isa = XCBuildConfiguration;
			buildSettings = {
				ALWAYS_SEARCH_USER_PATHS = NO;
				ARCHS = "$(ARCHS_STANDARD_32_BIT)";
				CODE_SIGN_IDENTITY = "iPhone Developer: luo cheng (G9A82ZZA6E)";
				"CODE_SIGN_IDENTITY[sdk=iphoneos*]" = "iPhone Developer: luo cheng (G9A82ZZA6E)";
				COPY_PHASE_STRIP = NO;
				GCC_C_LANGUAGE_STANDARD = gnu99;
				GCC_VERSION = com.apple.compilers.llvm.clang.1_0;
				GCC_WARN_ABOUT_MISSING_PROTOTYPES = YES;
				GCC_WARN_ABOUT_RETURN_TYPE = YES;
				GCC_WARN_UNUSED_VARIABLE = YES;
				IPHONEOS_DEPLOYMENT_TARGET = 6.0;
				OTHER_CFLAGS = "-DNS_BLOCK_ASSERTIONS=1";
				PROVISIONING_PROFILE = "A5E26817-FB1B-4B3F-87A4-FEB1F38C6A11";
				"PROVISIONING_PROFILE[sdk=iphoneos*]" = "A5E26817-FB1B-4B3F-87A4-FEB1F38C6A11";
				SDKROOT = iphoneos;
				VALIDATE_PRODUCT = YES;
			};
			name = Release;
		};
		B0953EEE14E5339000EFAB02 /* Debug */ = {
			isa = XCBuildConfiguration;
			buildSettings = {
				CODE_SIGN_IDENTITY = "iPhone Developer: luo cheng (G9A82ZZA6E)";
				"CODE_SIGN_IDENTITY[sdk=iphoneos*]" = "iPhone Developer: luo cheng (G9A82ZZA6E)";
				GCC_PRECOMPILE_PREFIX_HEADER = YES;
				GCC_PREFIX_HEADER = "iphone_cms/iphone_cms-Prefix.pch";
				INFOPLIST_FILE = "iphone_cms/iphone_cms-Info.plist";
				IPHONEOS_DEPLOYMENT_TARGET = 4.3;
				LIBRARY_SEARCH_PATHS = (
					"$(inherited)",
					"\"$(SDKROOT)$(SYSTEM_LIBRARY_DIR)/Frameworks/IOKit.framework\"",
				);
				PRODUCT_NAME = iphone_cms;
				PROVISIONING_PROFILE = "A5E26817-FB1B-4B3F-87A4-FEB1F38C6A11";
				"PROVISIONING_PROFILE[sdk=iphoneos*]" = "A5E26817-FB1B-4B3F-87A4-FEB1F38C6A11";
				TARGETED_DEVICE_FAMILY = 1;
				WRAPPER_EXTENSION = app;
			};
			name = Debug;
		};
		B0953EEF14E5339000EFAB02 /* Release */ = {
			isa = XCBuildConfiguration;
			buildSettings = {
				CODE_SIGN_IDENTITY = "iPhone Developer: luo cheng (G9A82ZZA6E)";
				"CODE_SIGN_IDENTITY[sdk=iphoneos*]" = "iPhone Developer: luo cheng (G9A82ZZA6E)";
				GCC_PRECOMPILE_PREFIX_HEADER = YES;
				GCC_PREFIX_HEADER = "iphone_cms/iphone_cms-Prefix.pch";
				INFOPLIST_FILE = "iphone_cms/iphone_cms-Info.plist";
				IPHONEOS_DEPLOYMENT_TARGET = 4.3;
				LIBRARY_SEARCH_PATHS = (
					"$(inherited)",
					"\"$(SDKROOT)$(SYSTEM_LIBRARY_DIR)/Frameworks/IOKit.framework\"",
				);
				PRODUCT_NAME = iphone_cms;
				PROVISIONING_PROFILE = "A5E26817-FB1B-4B3F-87A4-FEB1F38C6A11";
				"PROVISIONING_PROFILE[sdk=iphoneos*]" = "A5E26817-FB1B-4B3F-87A4-FEB1F38C6A11";
				TARGETED_DEVICE_FAMILY = 1;
				WRAPPER_EXTENSION = app;
			};
			name = Release;
		};
/* End XCBuildConfiguration section */

/* Begin XCConfigurationList section */
		B0953EBA14E5339000EFAB02 /* Build configuration list for PBXProject "iphone_cms" */ = {
			isa = XCConfigurationList;
			buildConfigurations = (
				B0953EEB14E5339000EFAB02 /* Debug */,
				B0953EEC14E5339000EFAB02 /* Release */,
			);
			defaultConfigurationIsVisible = 0;
			defaultConfigurationName = Release;
		};
		B0953EED14E5339000EFAB02 /* Build configuration list for PBXNativeTarget "iphone_cms" */ = {
			isa = XCConfigurationList;
			buildConfigurations = (
				B0953EEE14E5339000EFAB02 /* Debug */,
				B0953EEF14E5339000EFAB02 /* Release */,
			);
			defaultConfigurationIsVisible = 0;
			defaultConfigurationName = Release;
		};
/* End XCConfigurationList section */
	};
	rootObject = B0953EB714E5339000EFAB02 /* Project object */;
}
